{
  "requires": true,
  "lockfileVersion": 1,
  "dependencies": {
    "kotlin": {
      "version": "1.6.21",
      "resolved": "https://registry.npmjs.org/kotlin/-/kotlin-1.6.21.tgz",
      "integrity": "sha512-ulTTjmeZZfvlxxMFD/EjaGMlZ3pNypwOkQLK6WZjbsS7kTYqufekoiJD+mksmJQZTmc1MNW4M6bmvM5WbO1vKQ=="
    }
  }
}
